
Microsoft Visual Studio Solution File, Format Version 12.00
# Visual Studio Version 17
VisualStudioVersion = 17.10.35122.118
MinimumVisualStudioVersion = 10.0.40219.1
Project("{9A19103F-16F7-4668-BE54-9A1E7A4F7556}") = "HandmadeProductManagementAPI", "HandmadeProductManagementBE\HandmadeProductManagementAPI.csproj", "{EE1372D7-C3D8-4427-8DD7-AA740B6900C2}"
EndProject
Project("{2150E333-8FDC-42A3-9474-1A3956D46DE8}") = "SERVER", "SERVER", "{1F89EE8C-46B7-47EC-B572-DE2EBF606973}"
EndProject
Project("{2150E333-8FDC-42A3-9474-1A3956D46DE8}") = "Services", "Services", "{EFE8E0BE-C60E-4270-86DD-58836A087FD5}"
EndProject
Project("{2150E333-8FDC-42A3-9474-1A3956D46DE8}") = "REPOSITORY", "REPOSITORY", "{438BFBC4-C093-45A3-9210-261740644F51}"
EndProject
Project("{2150E333-8FDC-42A3-9474-1A3956D46DE8}") = "CORE", "CORE", "{0A649C40-550E-4C3C-82AA-F2CDA8FB9E83}"
EndProject
Project("{9A19103F-16F7-4668-BE54-9A1E7A4F7556}") = "HandmadeProductManagement.Core", "HandmadeProductManagement.Core\HandmadeProductManagement.Core.csproj", "{C1EB3DE5-152E-4663-BD84-2D1155B125D8}"
EndProject
Project("{9A19103F-16F7-4668-BE54-9A1E7A4F7556}") = "HandmadeProductManagement.Contract.Repositories", "HandmadeProductManagement.Contract.Repositories\HandmadeProductManagement.Contract.Repositories.csproj", "{CE7EDF5C-2BF3-4DEC-A44E-2B48360A1C08}"
EndProject
Project("{9A19103F-16F7-4668-BE54-9A1E7A4F7556}") = "HandmadeProductManagement.ModelViews", "HandmadeProductManagement.ModelView\HandmadeProductManagement.ModelViews.csproj", "{29FDA659-8E8E-460D-8CF9-0F992D752ECA}"
EndProject
Project("{9A19103F-16F7-4668-BE54-9A1E7A4F7556}") = "HandmadeProductManagement.Repositories", "HandmadeProductManagement.Repositories\HandmadeProductManagement.Repositories.csproj", "{EA9CF239-AA84-4A09-957A-646C14A6F04B}"
EndProject
Project("{9A19103F-16F7-4668-BE54-9A1E7A4F7556}") = "HandmadeProductManagement.Contract.Services", "HandmadeProductManagement.Contract.Services\HandmadeProductManagement.Contract.Services.csproj", "{5ECD79B2-DBFD-424D-B888-3C9BBB2FA09D}"
EndProject
Project("{9A19103F-16F7-4668-BE54-9A1E7A4F7556}") = "HandmadeProductManagement.Services", "HandmadeProductManagement.Services\HandmadeProductManagement.Services.csproj", "{B48678A4-822E-4A18-9F58-32C525718D88}"
EndProject
Project("{2150E333-8FDC-42A3-9474-1A3956D46DE8}") = "Validation", "Validation", "{4B44ADB4-25D2-4FDC-AE65-06AE9AEC9A3D}"
EndProject
Project("{9A19103F-16F7-4668-BE54-9A1E7A4F7556}") = "HandmadeProductManagement.Validation", "HandmadeProductManagement.Validation\HandmadeProductManagement.Validation.csproj", "{EDFEF7CA-48D6-4617-8803-E478A59D732F}"
EndProject
Project("{2150E333-8FDC-42A3-9474-1A3956D46DE8}") = "UnitTests", "UnitTests", "{B46699BD-2028-428F-9FB3-3590A774D2B6}"
EndProject
Project("{2150E333-8FDC-42A3-9474-1A3956D46DE8}") = "Controllers", "Controllers", "{CBB853F9-2066-43B9-A60E-B0FF7261E6EC}"
EndProject
Project("{9A19103F-16F7-4668-BE54-9A1E7A4F7556}") = "ControllerTests", "PromotionControllerTests\ControllerTests.csproj", "{22FFF17B-F313-4918-9545-EDCD33315169}"
EndProject
Project("{FAE04EC0-301F-11D3-BF4B-00C04F79EFBC}") = "HandmadeProductManagement.GraphQL", "HandmadeProductManagement.GraphQL\HandmadeProductManagement.GraphQL.csproj", "{190394AD-EEBC-43CD-9208-25FD2F5F8124}"
EndProject
Global
	GlobalSection(SolutionConfigurationPlatforms) = preSolution
		Debug|Any CPU = Debug|Any CPU
		Release|Any CPU = Release|Any CPU
	EndGlobalSection
	GlobalSection(ProjectConfigurationPlatforms) = postSolution
		{EE1372D7-C3D8-4427-8DD7-AA740B6900C2}.Debug|Any CPU.ActiveCfg = Debug|Any CPU
		{EE1372D7-C3D8-4427-8DD7-AA740B6900C2}.Debug|Any CPU.Build.0 = Debug|Any CPU
		{EE1372D7-C3D8-4427-8DD7-AA740B6900C2}.Release|Any CPU.ActiveCfg = Release|Any CPU
		{EE1372D7-C3D8-4427-8DD7-AA740B6900C2}.Release|Any CPU.Build.0 = Release|Any CPU
		{C1EB3DE5-152E-4663-BD84-2D1155B125D8}.Debug|Any CPU.ActiveCfg = Debug|Any CPU
		{C1EB3DE5-152E-4663-BD84-2D1155B125D8}.Debug|Any CPU.Build.0 = Debug|Any CPU
		{C1EB3DE5-152E-4663-BD84-2D1155B125D8}.Release|Any CPU.ActiveCfg = Release|Any CPU
		{C1EB3DE5-152E-4663-BD84-2D1155B125D8}.Release|Any CPU.Build.0 = Release|Any CPU
		{CE7EDF5C-2BF3-4DEC-A44E-2B48360A1C08}.Debug|Any CPU.ActiveCfg = Debug|Any CPU
		{CE7EDF5C-2BF3-4DEC-A44E-2B48360A1C08}.Debug|Any CPU.Build.0 = Debug|Any CPU
		{CE7EDF5C-2BF3-4DEC-A44E-2B48360A1C08}.Release|Any CPU.ActiveCfg = Release|Any CPU
		{CE7EDF5C-2BF3-4DEC-A44E-2B48360A1C08}.Release|Any CPU.Build.0 = Release|Any CPU
		{29FDA659-8E8E-460D-8CF9-0F992D752ECA}.Debug|Any CPU.ActiveCfg = Debug|Any CPU
		{29FDA659-8E8E-460D-8CF9-0F992D752ECA}.Debug|Any CPU.Build.0 = Debug|Any CPU
		{29FDA659-8E8E-460D-8CF9-0F992D752ECA}.Release|Any CPU.ActiveCfg = Release|Any CPU
		{29FDA659-8E8E-460D-8CF9-0F992D752ECA}.Release|Any CPU.Build.0 = Release|Any CPU
		{EA9CF239-AA84-4A09-957A-646C14A6F04B}.Debug|Any CPU.ActiveCfg = Debug|Any CPU
		{EA9CF239-AA84-4A09-957A-646C14A6F04B}.Debug|Any CPU.Build.0 = Debug|Any CPU
		{EA9CF239-AA84-4A09-957A-646C14A6F04B}.Release|Any CPU.ActiveCfg = Release|Any CPU
		{EA9CF239-AA84-4A09-957A-646C14A6F04B}.Release|Any CPU.Build.0 = Release|Any CPU
		{5ECD79B2-DBFD-424D-B888-3C9BBB2FA09D}.Debug|Any CPU.ActiveCfg = Debug|Any CPU
		{5ECD79B2-DBFD-424D-B888-3C9BBB2FA09D}.Debug|Any CPU.Build.0 = Debug|Any CPU
		{5ECD79B2-DBFD-424D-B888-3C9BBB2FA09D}.Release|Any CPU.ActiveCfg = Release|Any CPU
		{5ECD79B2-DBFD-424D-B888-3C9BBB2FA09D}.Release|Any CPU.Build.0 = Release|Any CPU
		{B48678A4-822E-4A18-9F58-32C525718D88}.Debug|Any CPU.ActiveCfg = Debug|Any CPU
		{B48678A4-822E-4A18-9F58-32C525718D88}.Debug|Any CPU.Build.0 = Debug|Any CPU
		{B48678A4-822E-4A18-9F58-32C525718D88}.Release|Any CPU.ActiveCfg = Release|Any CPU
		{B48678A4-822E-4A18-9F58-32C525718D88}.Release|Any CPU.Build.0 = Release|Any CPU
		{EDFEF7CA-48D6-4617-8803-E478A59D732F}.Debug|Any CPU.ActiveCfg = Debug|Any CPU
		{EDFEF7CA-48D6-4617-8803-E478A59D732F}.Debug|Any CPU.Build.0 = Debug|Any CPU
		{EDFEF7CA-48D6-4617-8803-E478A59D732F}.Release|Any CPU.ActiveCfg = Release|Any CPU
		{EDFEF7CA-48D6-4617-8803-E478A59D732F}.Release|Any CPU.Build.0 = Release|Any CPU
		{22FFF17B-F313-4918-9545-EDCD33315169}.Debug|Any CPU.ActiveCfg = Debug|Any CPU
		{22FFF17B-F313-4918-9545-EDCD33315169}.Debug|Any CPU.Build.0 = Debug|Any CPU
		{22FFF17B-F313-4918-9545-EDCD33315169}.Release|Any CPU.ActiveCfg = Release|Any CPU
		{22FFF17B-F313-4918-9545-EDCD33315169}.Release|Any CPU.Build.0 = Release|Any CPU
		{190394AD-EEBC-43CD-9208-25FD2F5F8124}.Debug|Any CPU.ActiveCfg = Debug|Any CPU
		{190394AD-EEBC-43CD-9208-25FD2F5F8124}.Debug|Any CPU.Build.0 = Debug|Any CPU
		{190394AD-EEBC-43CD-9208-25FD2F5F8124}.Release|Any CPU.ActiveCfg = Release|Any CPU
		{190394AD-EEBC-43CD-9208-25FD2F5F8124}.Release|Any CPU.Build.0 = Release|Any CPU
	EndGlobalSection
	GlobalSection(SolutionProperties) = preSolution
		HideSolutionNode = FALSE
	EndGlobalSection
	GlobalSection(NestedProjects) = preSolution
		{EE1372D7-C3D8-4427-8DD7-AA740B6900C2} = {1F89EE8C-46B7-47EC-B572-DE2EBF606973}
		{C1EB3DE5-152E-4663-BD84-2D1155B125D8} = {0A649C40-550E-4C3C-82AA-F2CDA8FB9E83}
		{CE7EDF5C-2BF3-4DEC-A44E-2B48360A1C08} = {438BFBC4-C093-45A3-9210-261740644F51}
		{29FDA659-8E8E-460D-8CF9-0F992D752ECA} = {438BFBC4-C093-45A3-9210-261740644F51}
		{EA9CF239-AA84-4A09-957A-646C14A6F04B} = {438BFBC4-C093-45A3-9210-261740644F51}
		{5ECD79B2-DBFD-424D-B888-3C9BBB2FA09D} = {EFE8E0BE-C60E-4270-86DD-58836A087FD5}
		{B48678A4-822E-4A18-9F58-32C525718D88} = {EFE8E0BE-C60E-4270-86DD-58836A087FD5}
		{EDFEF7CA-48D6-4617-8803-E478A59D732F} = {4B44ADB4-25D2-4FDC-AE65-06AE9AEC9A3D}
		{CBB853F9-2066-43B9-A60E-B0FF7261E6EC} = {B46699BD-2028-428F-9FB3-3590A774D2B6}
		{22FFF17B-F313-4918-9545-EDCD33315169} = {CBB853F9-2066-43B9-A60E-B0FF7261E6EC}
		{190394AD-EEBC-43CD-9208-25FD2F5F8124} = {1F89EE8C-46B7-47EC-B572-DE2EBF606973}
	EndGlobalSection
	GlobalSection(ExtensibilityGlobals) = postSolution
		SolutionGuid = {0145BCBD-535D-4BC5-ACDE-30E00043F846}
	EndGlobalSection
EndGlobal
